{
  "pins" : [
    {
      "identity" : "ccv",
      "kind" : "remoteSourceControl",
      "location" : "https://github.com/liuliu/ccv.git",
      "state" : {
        "revision" : "2238a1c0f8ce2584d6f9315ccd21f98397c52914"
      }
    },
    {
      "identity" : "dflat",
      "kind" : "remoteSourceControl",
      "location" : "https://github.com/liuliu/dflat.git",
      "state" : {
        "revision" : "73925e51e4f44add842177a229f9990cb13711ff"
      }
    },
    {
      "identity" : "flatbuffers",
      "kind" : "remoteSourceControl",
      "location" : "https://github.com/google/flatbuffers.git",
      "state" : {
        "revision" : "c92e78a9f841a6110ec27180d68d1f7f2afda21d"
      }
    },
    {
      "identity" : "grpc-swift",
      "kind" : "remoteSourceControl",
      "location" : "https://github.com/grpc/grpc-swift.git",
      "state" : {
        "revision" : "5770e231585cb68388a6ae37ce36c4d8dbd46d90",
        "version" : "1.27.2"
      }
    },
    {
      "identity" : "s4nnc",
      "kind" : "remoteSourceControl",
      "location" : "https://github.com/liuliu/s4nnc.git",
      "state" : {
        "revision" : "8ce1b14cc9a8d75cf3b5419536cd5e1ee7972090"
      }
    },
    {
      "identity" : "swift-algorithms",
      "kind" : "remoteSourceControl",
      "location" : "https://github.com/apple/swift-algorithms.git",
      "state" : {
        "revision" : "87e50f483c54e6efd60e885f7f5aa946cee68023",
        "version" : "1.2.1"
      }
    },
    {
      "identity" : "swift-argument-parser",
      "kind" : "remoteSourceControl",
      "location" : "https://github.com/apple/swift-argument-parser.git",
      "state" : {
        "revision" : "c5d11a805e765f52ba34ec7284bd4fcd6ba68615",
        "version" : "1.7.0"
      }
    },
    {
      "identity" : "swift-asn1",
      "kind" : "remoteSourceControl",
      "location" : "https://github.com/apple/swift-asn1.git",
      "state" : {
        "revision" : "810496cf121e525d660cd0ea89a758740476b85f",
        "version" : "1.5.1"
      }
    },
    {
      "identity" : "swift-async-algorithms",
      "kind" : "remoteSourceControl",
      "location" : "https://github.com/apple/swift-async-algorithms.git",
      "state" : {
        "revision" : "2971dd5d9f6e0515664b01044826bcea16e59fac",
        "version" : "1.1.2"
      }
    },
    {
      "identity" : "swift-atomics",
      "kind" : "remoteSourceControl",
      "location" : "https://github.com/apple/swift-atomics.git",
      "state" : {
        "revision" : "b601256eab081c0f92f059e12818ac1d4f178ff7",
        "version" : "1.3.0"
      }
    },
    {
      "identity" : "swift-certificates",
      "kind" : "remoteSourceControl",
      "location" : "https://github.com/apple/swift-certificates.git",
      "state" : {
        "revision" : "24ccdeeeed4dfaae7955fcac9dbf5489ed4f1a25",
        "version" : "1.18.0"
      }
    },
    {
      "identity" : "swift-collections",
      "kind" : "remoteSourceControl",
      "location" : "https://github.com/apple/swift-collections.git",
      "state" : {
        "revision" : "7b847a3b7008b2dc2f47ca3110d8c782fb2e5c7e",
        "version" : "1.3.0"
      }
    },
    {
      "identity" : "swift-crypto",
      "kind" : "remoteSourceControl",
      "location" : "https://github.com/apple/swift-crypto.git",
      "state" : {
        "revision" : "95ba0316a9b733e92bb6b071255ff46263bbe7dc",
        "version" : "3.15.1"
      }
    },
    {
      "identity" : "swift-fickling",
      "kind" : "remoteSourceControl",
      "location" : "https://github.com/liuliu/swift-fickling.git",
      "state" : {
        "revision" : "5c982bf479c4cdf8c7f72002cd79ec88b553ab34"
      }
    },
    {
      "identity" : "swift-fpzip-support",
      "kind" : "remoteSourceControl",
      "location" : "https://github.com/weiyanlin117/swift-fpzip-support.git",
      "state" : {
        "revision" : "0ec6d4668c9c83bc3da0f8b2d6dfc46da0b98609"
      }
    },
    {
      "identity" : "swift-http-structured-headers",
      "kind" : "remoteSourceControl",
      "location" : "https://github.com/apple/swift-http-structured-headers.git",
      "state" : {
        "revision" : "76d7627bd88b47bf5a0f8497dd244885960dde0b",
        "version" : "1.6.0"
      }
    },
    {
      "identity" : "swift-http-types",
      "kind" : "remoteSourceControl",
      "location" : "https://github.com/apple/swift-http-types.git",
      "state" : {
        "revision" : "45eb0224913ea070ec4fba17291b9e7ecf4749ca",
        "version" : "1.5.1"
      }
    },
    {
      "identity" : "swift-log",
      "kind" : "remoteSourceControl",
      "location" : "https://github.com/apple/swift-log.git",
      "state" : {
        "revision" : "bbd81b6725ae874c69e9b8c8804d462356b55523",
        "version" : "1.10.1"
      }
    },
    {
      "identity" : "swift-log-datadog",
      "kind" : "remoteSourceControl",
      "location" : "https://github.com/jagreenwood/swift-log-datadog.git",
      "state" : {
        "revision" : "e47aa092908764bdd625bb18d72e4db5bf9d7c4e",
        "version" : "0.3.0"
      }
    },
    {
      "identity" : "swift-nio",
      "kind" : "remoteSourceControl",
      "location" : "https://github.com/apple/swift-nio.git",
      "state" : {
        "revision" : "e932d3c4d8f77433c8f7093b5ebcbf91463948a0",
        "version" : "2.95.0"
      }
    },
    {
      "identity" : "swift-nio-extras",
      "kind" : "remoteSourceControl",
      "location" : "https://github.com/apple/swift-nio-extras.git",
      "state" : {
        "revision" : "3df009d563dc9f21a5c85b33d8c2e34d2e4f8c3b",
        "version" : "1.32.1"
      }
    },
    {
      "identity" : "swift-nio-http2",
      "kind" : "remoteSourceControl",
      "location" : "https://github.com/apple/swift-nio-http2.git",
      "state" : {
        "revision" : "b6571f3db40799df5a7fc0e92c399aa71c883edd",
        "version" : "1.40.0"
      }
    },
    {
      "identity" : "swift-nio-ssl",
      "kind" : "remoteSourceControl",
      "location" : "https://github.com/apple/swift-nio-ssl.git",
      "state" : {
        "revision" : "173cc69a058623525a58ae6710e2f5727c663793",
        "version" : "2.36.0"
      }
    },
    {
      "identity" : "swift-nio-transport-services",
      "kind" : "remoteSourceControl",
      "location" : "https://github.com/apple/swift-nio-transport-services.git",
      "state" : {
        "revision" : "60c3e187154421171721c1a38e800b390680fb5d",
        "version" : "1.26.0"
      }
    },
    {
      "identity" : "swift-numerics",
      "kind" : "remoteSourceControl",
      "location" : "https://github.com/apple/swift-numerics.git",
      "state" : {
        "revision" : "0c0290ff6b24942dadb83a929ffaaa1481df04a2",
        "version" : "1.1.1"
      }
    },
    {
      "identity" : "swift-package-support-sentencepiece",
      "kind" : "remoteSourceControl",
      "location" : "https://github.com/weiyanlin117/swift-package-support-sentencepiece",
      "state" : {
        "revision" : "a39a5be0b3e3ad9bcb19b085af7dd891c00aa3d2"
      }
    },
    {
      "identity" : "swift-png",
      "kind" : "remoteSourceControl",
      "location" : "https://github.com/kelvin13/swift-png",
      "state" : {
        "revision" : "075dfb248ae327822635370e9d4f94a5d3fe93b2"
      }
    },
    {
      "identity" : "swift-protobuf",
      "kind" : "remoteSourceControl",
      "location" : "https://github.com/apple/swift-protobuf.git",
      "state" : {
        "revision" : "d57a5aecf24a25b32ec4a74be2f5d0a995a47c4b"
      }
    },
    {
      "identity" : "swift-sentencepiece",
      "kind" : "remoteSourceControl",
      "location" : "https://github.com/liuliu/swift-sentencepiece",
      "state" : {
        "revision" : "8d17bf2e017c97563e8805545d676be9739b6c0e"
      }
    },
    {
      "identity" : "swift-service-lifecycle",
      "kind" : "remoteSourceControl",
      "location" : "https://github.com/swift-server/swift-service-lifecycle.git",
      "state" : {
        "revision" : "89888196dd79c61c50bca9a103d8114f32e1e598",
        "version" : "2.10.1"
      }
    },
    {
      "identity" : "swift-system",
      "kind" : "remoteSourceControl",
      "location" : "https://github.com/apple/swift-system.git",
      "state" : {
        "revision" : "fbd61a676d79cbde05cd4fda3cc46e94d6b8f0eb"
      }
    }
  ],
  "version" : 2
}
